{
  "name": "pspdfkit-web-example-vue",
  "version": "2021.2.0",
  "lockfileVersion": 1,
  "requires": true,
  "dependencies": {
    "pspdfkit": {
      "version": "2021.2.0",
      "resolved": "https://registry.npmjs.org/pspdfkit/-/pspdfkit-2021.2.0.tgz",
      "integrity": "sha512-60gL4ksHbU7sw4bHroVVm5OZ4L29lEsws28iTtNxOYO9+xAzXjDhzF7pG1n+0+s6/W/vDGBKXKB7t4y2YobDtQ=="
    }
  }
}
